
Microsoft Visual Studio Solution File, Format Version 12.00
# Visual Studio 2012
Project("{FAE04EC0-301F-11D3-BF4B-00C04F79EFBC}") = "WindowsFormsApplication6", "WindowsFormsApplication6\WindowsFormsApplication6.csproj", "{B8B8AE31-6AD4-4507-BABE-9E8300D0E1F5}"
EndProject
Global
	GlobalSection(SolutionConfigurationPlatforms) = preSolution
		Debug|Any CPU = Debug|Any CPU
		Release|Any CPU = Release|Any CPU
	EndGlobalSection
	GlobalSection(ProjectConfigurationPlatforms) = postSolution
		{B8B8AE31-6AD4-4507-BABE-9E8300D0E1F5}.Debug|Any CPU.ActiveCfg = Debug|Any CPU
		{B8B8AE31-6AD4-4507-BABE-9E8300D0E1F5}.Debug|Any CPU.Build.0 = Debug|Any CPU
		{B8B8AE31-6AD4-4507-BABE-9E8300D0E1F5}.Release|Any CPU.ActiveCfg = Release|Any CPU
		{B8B8AE31-6AD4-4507-BABE-9E8300D0E1F5}.Release|Any CPU.Build.0 = Release|Any CPU
	EndGlobalSection
	GlobalSection(SolutionProperties) = preSolution
		HideSolutionNode = FALSE
	EndGlobalSection
EndGlobal
